
Microsoft Visual Studio Solution File, Format Version 12.00
# Visual Studio 15
VisualStudioVersion = 15.0.27428.2037
MinimumVisualStudioVersion = 10.0.40219.1
Project("{FAE04EC0-301F-11D3-BF4B-00C04F79EFBC}") = "TiPEIS", "TiPEIS\TiPEIS.csproj", "{836DD09E-1BF7-4CEC-A609-961327F29654}"
EndProject
Global
	GlobalSection(SolutionConfigurationPlatforms) = preSolution
		Debug|Any CPU = Debug|Any CPU
		Release|Any CPU = Release|Any CPU
	EndGlobalSection
	GlobalSection(ProjectConfigurationPlatforms) = postSolution
		{836DD09E-1BF7-4CEC-A609-961327F29654}.Debug|Any CPU.ActiveCfg = Debug|Any CPU
		{836DD09E-1BF7-4CEC-A609-961327F29654}.Debug|Any CPU.Build.0 = Debug|Any CPU
		{836DD09E-1BF7-4CEC-A609-961327F29654}.Release|Any CPU.ActiveCfg = Release|Any CPU
		{836DD09E-1BF7-4CEC-A609-961327F29654}.Release|Any CPU.Build.0 = Release|Any CPU
	EndGlobalSection
	GlobalSection(SolutionProperties) = preSolution
		HideSolutionNode = FALSE
	EndGlobalSection
	GlobalSection(ExtensibilityGlobals) = postSolution
		SolutionGuid = {C2BCAC12-A7E7-4386-A564-9996BF678A2F}
	EndGlobalSection
EndGlobal
